
Microsoft Visual Studio Solution File, Format Version 12.00
# Visual Studio Version 16
VisualStudioVersion = 16.0.29009.5
MinimumVisualStudioVersion = 10.0.40219.1
Project("{FAE04EC0-301F-11D3-BF4B-00C04F79EFBC}") = "ProyectoFinal", "ProyectoFinal\ProyectoFinal.csproj", "{17791503-63D5-458B-B33F-CEFBC27A2653}"
EndProject
Project("{FAE04EC0-301F-11D3-BF4B-00C04F79EFBC}") = "ProyectoFinalTests", "ProyectoFinalTests\ProyectoFinalTests.csproj", "{BDFAFEF5-83E2-4B3E-A5F1-F6FDE1609471}"
EndProject
Project("{FAE04EC0-301F-11D3-BF4B-00C04F79EFBC}") = "DAL", "DAL\DAL.csproj", "{42EFE4FF-6F22-42E6-A096-5BC6754F6BAB}"
EndProject
Project("{FAE04EC0-301F-11D3-BF4B-00C04F79EFBC}") = "BLL", "BLL\BLL.csproj", "{4D4F9277-9CD7-4881-BEB0-57CDF0A9C337}"
EndProject
Project("{FAE04EC0-301F-11D3-BF4B-00C04F79EFBC}") = "Entidades", "Entidades\Entidades.csproj", "{C56FB289-F26D-43E1-B83E-30BA8589A05F}"
EndProject
Project("{FAE04EC0-301F-11D3-BF4B-00C04F79EFBC}") = "BLLTests", "BLLTests\BLLTests.csproj", "{879E5D37-BE90-40BB-A4D1-229B1C7A93E7}"
EndProject
Project("{FAE04EC0-301F-11D3-BF4B-00C04F79EFBC}") = "EntidadesTests", "EntidadesTests\EntidadesTests.csproj", "{C3331865-67F8-4BB4-B71D-91CD8B0A4741}"
EndProject
Global
	GlobalSection(SolutionConfigurationPlatforms) = preSolution
		Debug|Any CPU = Debug|Any CPU
		Release|Any CPU = Release|Any CPU
	EndGlobalSection
	GlobalSection(ProjectConfigurationPlatforms) = postSolution
		{17791503-63D5-458B-B33F-CEFBC27A2653}.Debug|Any CPU.ActiveCfg = Debug|Any CPU
		{17791503-63D5-458B-B33F-CEFBC27A2653}.Debug|Any CPU.Build.0 = Debug|Any CPU
		{17791503-63D5-458B-B33F-CEFBC27A2653}.Release|Any CPU.ActiveCfg = Release|Any CPU
		{17791503-63D5-458B-B33F-CEFBC27A2653}.Release|Any CPU.Build.0 = Release|Any CPU
		{BDFAFEF5-83E2-4B3E-A5F1-F6FDE1609471}.Debug|Any CPU.ActiveCfg = Debug|Any CPU
		{BDFAFEF5-83E2-4B3E-A5F1-F6FDE1609471}.Debug|Any CPU.Build.0 = Debug|Any CPU
		{BDFAFEF5-83E2-4B3E-A5F1-F6FDE1609471}.Release|Any CPU.ActiveCfg = Release|Any CPU
		{BDFAFEF5-83E2-4B3E-A5F1-F6FDE1609471}.Release|Any CPU.Build.0 = Release|Any CPU
		{42EFE4FF-6F22-42E6-A096-5BC6754F6BAB}.Debug|Any CPU.ActiveCfg = Debug|Any CPU
		{42EFE4FF-6F22-42E6-A096-5BC6754F6BAB}.Debug|Any CPU.Build.0 = Debug|Any CPU
		{42EFE4FF-6F22-42E6-A096-5BC6754F6BAB}.Release|Any CPU.ActiveCfg = Release|Any CPU
		{42EFE4FF-6F22-42E6-A096-5BC6754F6BAB}.Release|Any CPU.Build.0 = Release|Any CPU
		{4D4F9277-9CD7-4881-BEB0-57CDF0A9C337}.Debug|Any CPU.ActiveCfg = Debug|Any CPU
		{4D4F9277-9CD7-4881-BEB0-57CDF0A9C337}.Debug|Any CPU.Build.0 = Debug|Any CPU
		{4D4F9277-9CD7-4881-BEB0-57CDF0A9C337}.Release|Any CPU.ActiveCfg = Release|Any CPU
		{4D4F9277-9CD7-4881-BEB0-57CDF0A9C337}.Release|Any CPU.Build.0 = Release|Any CPU
		{C56FB289-F26D-43E1-B83E-30BA8589A05F}.Debug|Any CPU.ActiveCfg = Debug|Any CPU
		{C56FB289-F26D-43E1-B83E-30BA8589A05F}.Debug|Any CPU.Build.0 = Debug|Any CPU
		{C56FB289-F26D-43E1-B83E-30BA8589A05F}.Release|Any CPU.ActiveCfg = Release|Any CPU
		{C56FB289-F26D-43E1-B83E-30BA8589A05F}.Release|Any CPU.Build.0 = Release|Any CPU
		{879E5D37-BE90-40BB-A4D1-229B1C7A93E7}.Debug|Any CPU.ActiveCfg = Debug|Any CPU
		{879E5D37-BE90-40BB-A4D1-229B1C7A93E7}.Debug|Any CPU.Build.0 = Debug|Any CPU
		{879E5D37-BE90-40BB-A4D1-229B1C7A93E7}.Release|Any CPU.ActiveCfg = Release|Any CPU
		{879E5D37-BE90-40BB-A4D1-229B1C7A93E7}.Release|Any CPU.Build.0 = Release|Any CPU
		{C3331865-67F8-4BB4-B71D-91CD8B0A4741}.Debug|Any CPU.ActiveCfg = Debug|Any CPU
		{C3331865-67F8-4BB4-B71D-91CD8B0A4741}.Debug|Any CPU.Build.0 = Debug|Any CPU
		{C3331865-67F8-4BB4-B71D-91CD8B0A4741}.Release|Any CPU.ActiveCfg = Release|Any CPU
		{C3331865-67F8-4BB4-B71D-91CD8B0A4741}.Release|Any CPU.Build.0 = Release|Any CPU
	EndGlobalSection
	GlobalSection(SolutionProperties) = preSolution
		HideSolutionNode = FALSE
	EndGlobalSection
	GlobalSection(ExtensibilityGlobals) = postSolution
		SolutionGuid = {D326A3E5-E7D3-4EA2-9F72-91F50B785F61}
	EndGlobalSection
EndGlobal
